
Microsoft Visual Studio Solution File, Format Version 12.00
# Visual Studio Version 17
VisualStudioVersion = 17.13.35931.197 d17.13
MinimumVisualStudioVersion = 10.0.40219.1
Project("{FAE04EC0-301F-11D3-BF4B-00C04F79EFBC}") = "SampleDemo", "SampleDemo\SampleDemo.csproj", "{D67C85FC-02B0-41E8-9630-0DDC36E24787}"
EndProject
Global
	GlobalSection(SolutionConfigurationPlatforms) = preSolution
		Debug|Any CPU = Debug|Any CPU
		Release|Any CPU = Release|Any CPU
	EndGlobalSection
	GlobalSection(ProjectConfigurationPlatforms) = postSolution
		{D67C85FC-02B0-41E8-9630-0DDC36E24787}.Debug|Any CPU.ActiveCfg = Debug|Any CPU
		{D67C85FC-02B0-41E8-9630-0DDC36E24787}.Debug|Any CPU.Build.0 = Debug|Any CPU
		{D67C85FC-02B0-41E8-9630-0DDC36E24787}.Release|Any CPU.ActiveCfg = Release|Any CPU
		{D67C85FC-02B0-41E8-9630-0DDC36E24787}.Release|Any CPU.Build.0 = Release|Any CPU
	EndGlobalSection
	GlobalSection(SolutionProperties) = preSolution
		HideSolutionNode = FALSE
	EndGlobalSection
	GlobalSection(ExtensibilityGlobals) = postSolution
		SolutionGuid = {CF277A6D-588A-49CF-AE16-F0C75AA3C916}
	EndGlobalSection
EndGlobal
